// !$*UTF8*$!
{
	archiveVersion = 1;
	classes = {
	};
	objectVersion = 77;
	objects = {

/* Begin PBXBuildFile section */
		E90100012F67407000E9FBC1 /* DeviceActivityReportExtension.appex in Embed App Extensions */ = {isa = PBXBuildFile; fileRef = 7C4CED61CC5E362FB3FD022C /* DeviceActivityReportExtension.appex */; settings = {ATTRIBUTES = (CodeSignOnCopy, RemoveHeadersOnCopy, ); }; };
		E90100022F67407000E9FBC1 /* DeviceActivityMonitorExtension.appex in Embed App Extensions */ = {isa = PBXBuildFile; fileRef = E90100062F67407000E9FBC1 /* DeviceActivityMonitorExtension.appex */; settings = {ATTRIBUTES = (CodeSignOnCopy, RemoveHeadersOnCopy, ); }; };
		E90100032F67407000E9FBC1 /* ShieldConfigurationExtension.appex in Embed App Extensions */ = {isa = PBXBuildFile; fileRef = E90100072F67407000E9FBC1 /* ShieldConfigurationExtension.appex */; settings = {ATTRIBUTES = (CodeSignOnCopy, RemoveHeadersOnCopy, ); }; };
		E90100042F67407000E9FBC1 /* ShieldActionExtension.appex in Embed App Extensions */ = {isa = PBXBuildFile; fileRef = E90100082F67407000E9FBC1 /* ShieldActionExtension.appex */; settings = {ATTRIBUTES = (CodeSignOnCopy, RemoveHeadersOnCopy, ); }; };
/* End PBXBuildFile section */

/* Begin PBXContainerItemProxy section */
		E90100222F67407000E9FBC1 /* PBXContainerItemProxy */ = {
			isa = PBXContainerItemProxy;
			containerPortal = 26F650C22F67407000E9FBC1 /* Project object */;
			proxyType = 1;
			remoteGlobalIDString = 501D870E41296815F817F615;
			remoteInfo = DeviceActivityReportExtension;
		};
		E90100242F67407000E9FBC1 /* PBXContainerItemProxy */ = {
			isa = PBXContainerItemProxy;
			containerPortal = 26F650C22F67407000E9FBC1 /* Project object */;
			proxyType = 1;
			remoteGlobalIDString = E901000C2F67407000E9FBC1;
			remoteInfo = DeviceActivityMonitorExtension;
		};
		E90100262F67407000E9FBC1 /* PBXContainerItemProxy */ = {
			isa = PBXContainerItemProxy;
			containerPortal = 26F650C22F67407000E9FBC1 /* Project object */;
			proxyType = 1;
			remoteGlobalIDString = E901000D2F67407000E9FBC1;
			remoteInfo = ShieldConfigurationExtension;
		};
		E90100282F67407000E9FBC1 /* PBXContainerItemProxy */ = {
			isa = PBXContainerItemProxy;
			containerPortal = 26F650C22F67407000E9FBC1 /* Project object */;
			proxyType = 1;
			remoteGlobalIDString = E901000E2F67407000E9FBC1;
			remoteInfo = ShieldActionExtension;
		};
/* End PBXContainerItemProxy section */

/* Begin PBXCopyFilesBuildPhase section */
		E90100052F67407000E9FBC1 /* Embed App Extensions */ = {
			isa = PBXCopyFilesBuildPhase;
			buildActionMask = 2147483647;
			dstPath = "";
			dstSubfolderSpec = 13;
			files = (
				E90100012F67407000E9FBC1 /* DeviceActivityReportExtension.appex in Embed App Extensions */,
				E90100022F67407000E9FBC1 /* DeviceActivityMonitorExtension.appex in Embed App Extensions */,
				E90100032F67407000E9FBC1 /* ShieldConfigurationExtension.appex in Embed App Extensions */,
				E90100042F67407000E9FBC1 /* ShieldActionExtension.appex in Embed App Extensions */,
			);
			name = "Embed App Extensions";
			runOnlyForDeploymentPostprocessing = 0;
		};
/* End PBXCopyFilesBuildPhase section */

/* Begin PBXFileReference section */
		2682ED9F2F80589B00361DD6 /* DeviceActivityReportExtension-Info.plist */ = {isa = PBXFileReference; lastKnownFileType = text.plist; path = "DeviceActivityReportExtension-Info.plist"; sourceTree = "<group>"; };
		26F650CA2F67407000E9FBC1 /* Respite 3.0.app */ = {isa = PBXFileReference; explicitFileType = wrapper.application; includeInIndex = 0; path = "Respite 3.0.app"; sourceTree = BUILT_PRODUCTS_DIR; };
		7C4CED61CC5E362FB3FD022C /* DeviceActivityReportExtension.appex */ = {isa = PBXFileReference; explicitFileType = "wrapper.extensionkit-extension"; includeInIndex = 0; path = DeviceActivityReportExtension.appex; sourceTree = BUILT_PRODUCTS_DIR; };
		E90100062F67407000E9FBC1 /* DeviceActivityMonitorExtension.appex */ = {isa = PBXFileReference; explicitFileType = "wrapper.app-extension"; includeInIndex = 0; path = DeviceActivityMonitorExtension.appex; sourceTree = BUILT_PRODUCTS_DIR; };
		E90100072F67407000E9FBC1 /* ShieldConfigurationExtension.appex */ = {isa = PBXFileReference; explicitFileType = "wrapper.app-extension"; includeInIndex = 0; path = ShieldConfigurationExtension.appex; sourceTree = BUILT_PRODUCTS_DIR; };
		E90100082F67407000E9FBC1 /* ShieldActionExtension.appex */ = {isa = PBXFileReference; explicitFileType = "wrapper.app-extension"; includeInIndex = 0; path = ShieldActionExtension.appex; sourceTree = BUILT_PRODUCTS_DIR; };
/* End PBXFileReference section */

/* Begin PBXFileSystemSynchronizedBuildFileExceptionSet section */
		AA0000032F67407000E9FBC1 /* Exceptions for "Respite 3.0" folder in "Respite 3.0" target */ = {
			isa = PBXFileSystemSynchronizedBuildFileExceptionSet;
			membershipExceptions = (
				"DeviceActivityMonitorExtension/DeviceActivityMonitorExtension.entitlements",
				"DeviceActivityMonitorExtension/RegulationMonitorSupport.swift",
				"DeviceActivityMonitorExtension/RespiteDeviceActivityMonitor.swift",
				"DeviceActivityReportExtension/ActivityBreakdownReport.swift",
				"DeviceActivityReportExtension/ActivityBreakdownView.swift",
				"DeviceActivityReportExtension/DeviceActivityReportExtensionMain.swift",
				"ShieldActionExtension/RespiteShieldActionExtension.swift",
				"ShieldActionExtension/ShieldActionExtension.entitlements",
				"ShieldActionExtension/ShieldActionIntentGateMatching.swift",
				"ShieldConfigurationExtension/IntentGateShieldMatching.swift",
				"ShieldConfigurationExtension/RespiteShieldConfigurationExtension.swift",
				"ShieldConfigurationExtension/ShieldConfigurationExtension.entitlements",
			);
			target = 26F650C92F67407000E9FBC1 /* Respite 3.0 */;
		};
/* End PBXFileSystemSynchronizedBuildFileExceptionSet section */

/* Begin PBXFileSystemSynchronizedRootGroup section */
		26F650CC2F67407000E9FBC1 /* Respite 3.0 */ = {
			isa = PBXFileSystemSynchronizedRootGroup;
			exceptions = (
				AA0000032F67407000E9FBC1 /* Exceptions for "Respite 3.0" folder in "Respite 3.0" target */,
			);
			path = "Respite 3.0";
			sourceTree = "<group>";
		};
		5F265577A4AB6ED4241B7E61 /* Respite 3.0/DeviceActivityReportExtension */ = {
			isa = PBXFileSystemSynchronizedRootGroup;
			path = "Respite 3.0/DeviceActivityReportExtension";
			sourceTree = "<group>";
		};
		E90100092F67407000E9FBC1 /* Respite 3.0/DeviceActivityMonitorExtension */ = {
			isa = PBXFileSystemSynchronizedRootGroup;
			path = "Respite 3.0/DeviceActivityMonitorExtension";
			sourceTree = "<group>";
		};
		E901000A2F67407000E9FBC1 /* Respite 3.0/ShieldConfigurationExtension */ = {
			isa = PBXFileSystemSynchronizedRootGroup;
			path = "Respite 3.0/ShieldConfigurationExtension";
			sourceTree = "<group>";
		};
		E901000B2F67407000E9FBC1 /* Respite 3.0/ShieldActionExtension */ = {
			isa = PBXFileSystemSynchronizedRootGroup;
			path = "Respite 3.0/ShieldActionExtension";
			sourceTree = "<group>";
		};
/* End PBXFileSystemSynchronizedRootGroup section */

/* Begin PBXFrameworksBuildPhase section */
		26F650C72F67407000E9FBC1 /* Frameworks */ = {
			isa = PBXFrameworksBuildPhase;
			buildActionMask = 2147483647;
			files = (
			);
			runOnlyForDeploymentPostprocessing = 0;
		};
		814EA1329F8D9AC8A9EF9C8C /* Frameworks */ = {
			isa = PBXFrameworksBuildPhase;
			buildActionMask = 2147483647;
			files = (
			);
			runOnlyForDeploymentPostprocessing = 0;
		};
		E90100102F67407000E9FBC1 /* Frameworks */ = {
			isa = PBXFrameworksBuildPhase;
			buildActionMask = 2147483647;
			files = (
			);
			runOnlyForDeploymentPostprocessing = 0;
		};
		E90100132F67407000E9FBC1 /* Frameworks */ = {
			isa = PBXFrameworksBuildPhase;
			buildActionMask = 2147483647;
			files = (
			);
			runOnlyForDeploymentPostprocessing = 0;
		};
		E90100162F67407000E9FBC1 /* Frameworks */ = {
			isa = PBXFrameworksBuildPhase;
			buildActionMask = 2147483647;
			files = (
			);
			runOnlyForDeploymentPostprocessing = 0;
		};
/* End PBXFrameworksBuildPhase section */

/* Begin PBXGroup section */
		26F650C12F67407000E9FBC1 = {
			isa = PBXGroup;
			children = (
				2682ED9F2F80589B00361DD6 /* DeviceActivityReportExtension-Info.plist */,
				26F650CC2F67407000E9FBC1 /* Respite 3.0 */,
				5F265577A4AB6ED4241B7E61 /* Respite 3.0/DeviceActivityReportExtension */,
				E90100092F67407000E9FBC1 /* Respite 3.0/DeviceActivityMonitorExtension */,
				E901000A2F67407000E9FBC1 /* Respite 3.0/ShieldConfigurationExtension */,
				E901000B2F67407000E9FBC1 /* Respite 3.0/ShieldActionExtension */,
				26F650CB2F67407000E9FBC1 /* Products */,
			);
			sourceTree = "<group>";
		};
		26F650CB2F67407000E9FBC1 /* Products */ = {
			isa = PBXGroup;
			children = (
				26F650CA2F67407000E9FBC1 /* Respite 3.0.app */,
				7C4CED61CC5E362FB3FD022C /* DeviceActivityReportExtension.appex */,
				E90100062F67407000E9FBC1 /* DeviceActivityMonitorExtension.appex */,
				E90100072F67407000E9FBC1 /* ShieldConfigurationExtension.appex */,
				E90100082F67407000E9FBC1 /* ShieldActionExtension.appex */,
			);
			name = Products;
			sourceTree = "<group>";
		};
/* End PBXGroup section */

/* Begin PBXNativeTarget section */
		26F650C92F67407000E9FBC1 /* Respite 3.0 */ = {
			isa = PBXNativeTarget;
			buildConfigurationList = 26F650D52F67407100E9FBC1 /* Build configuration list for PBXNativeTarget "Respite 3.0" */;
			buildPhases = (
				26F650C62F67407000E9FBC1 /* Sources */,
				26F650C72F67407000E9FBC1 /* Frameworks */,
				26F650C82F67407000E9FBC1 /* Resources */,
				E90100052F67407000E9FBC1 /* Embed App Extensions */,
			);
			buildRules = (
			);
			dependencies = (
				E90100212F67407000E9FBC1 /* PBXTargetDependency */,
				E90100232F67407000E9FBC1 /* PBXTargetDependency */,
				E90100252F67407000E9FBC1 /* PBXTargetDependency */,
				E90100272F67407000E9FBC1 /* PBXTargetDependency */,
			);
			fileSystemSynchronizedGroups = (
				26F650CC2F67407000E9FBC1 /* Respite 3.0 */,
			);
			name = "Respite 3.0";
			packageProductDependencies = (
			);
			productName = "Respite 3.0";
			productReference = 26F650CA2F67407000E9FBC1 /* Respite 3.0.app */;
			productType = "com.apple.product-type.application";
		};
		501D870E41296815F817F615 /* DeviceActivityReportExtension */ = {
			isa = PBXNativeTarget;
			buildConfigurationList = 33E97E20449F031E9205CF6E /* Build configuration list for PBXNativeTarget "DeviceActivityReportExtension" */;
			buildPhases = (
				F76D87719880420BE0AB693E /* Sources */,
				814EA1329F8D9AC8A9EF9C8C /* Frameworks */,
				9EE3A1F02846476A7F950081 /* Resources */,
				2682EDA42F805C4A00361DD6 /* ShellScript */,
			);
			buildRules = (
			);
			dependencies = (
			);
			fileSystemSynchronizedGroups = (
				5F265577A4AB6ED4241B7E61 /* Respite 3.0/DeviceActivityReportExtension */,
			);
			name = DeviceActivityReportExtension;
			packageProductDependencies = (
			);
			productName = DeviceActivityReportExtension;
			productReference = 7C4CED61CC5E362FB3FD022C /* DeviceActivityReportExtension.appex */;
			productType = "com.apple.product-type.extensionkit-extension";
		};
		E901000C2F67407000E9FBC1 /* DeviceActivityMonitorExtension */ = {
			isa = PBXNativeTarget;
			buildConfigurationList = E901001A2F67407000E9FBC1 /* Build configuration list for PBXNativeTarget "DeviceActivityMonitorExtension" */;
			buildPhases = (
				E90200012F67407000E9FBC1 /* Sources */,
				E90100102F67407000E9FBC1 /* Frameworks */,
				E90200022F67407000E9FBC1 /* Resources */,
				2682EDA52F805C9E00361DD6 /* ShellScript */,
			);
			buildRules = (
			);
			dependencies = (
			);
			fileSystemSynchronizedGroups = (
				E90100092F67407000E9FBC1 /* Respite 3.0/DeviceActivityMonitorExtension */,
			);
			name = DeviceActivityMonitorExtension;
			packageProductDependencies = (
			);
			productName = DeviceActivityMonitorExtension;
			productReference = E90100062F67407000E9FBC1 /* DeviceActivityMonitorExtension.appex */;
			productType = "com.apple.product-type.app-extension";
		};
		E901000D2F67407000E9FBC1 /* ShieldConfigurationExtension */ = {
			isa = PBXNativeTarget;
			buildConfigurationList = E901001D2F67407000E9FBC1 /* Build configuration list for PBXNativeTarget "ShieldConfigurationExtension" */;
			buildPhases = (
				E90200032F67407000E9FBC1 /* Sources */,
				E90100132F67407000E9FBC1 /* Frameworks */,
				E90200042F67407000E9FBC1 /* Resources */,
				AA0000012F67407000E9FBC1 /* ShellScript */,
			);
			buildRules = (
			);
			dependencies = (
			);
			fileSystemSynchronizedGroups = (
				E901000A2F67407000E9FBC1 /* Respite 3.0/ShieldConfigurationExtension */,
			);
			name = ShieldConfigurationExtension;
			packageProductDependencies = (
			);
			productName = ShieldConfigurationExtension;
			productReference = E90100072F67407000E9FBC1 /* ShieldConfigurationExtension.appex */;
			productType = "com.apple.product-type.app-extension";
		};
		E901000E2F67407000E9FBC1 /* ShieldActionExtension */ = {
			isa = PBXNativeTarget;
			buildConfigurationList = E90100202F67407000E9FBC1 /* Build configuration list for PBXNativeTarget "ShieldActionExtension" */;
			buildPhases = (
				E90200052F67407000E9FBC1 /* Sources */,
				E90100162F67407000E9FBC1 /* Frameworks */,
				E90200062F67407000E9FBC1 /* Resources */,
				AA0000022F67407000E9FBC1 /* ShellScript */,
			);
			buildRules = (
			);
			dependencies = (
			);
			fileSystemSynchronizedGroups = (
				E901000B2F67407000E9FBC1 /* Respite 3.0/ShieldActionExtension */,
			);
			name = ShieldActionExtension;
			packageProductDependencies = (
			);
			productName = ShieldActionExtension;
			productReference = E90100082F67407000E9FBC1 /* ShieldActionExtension.appex */;
			productType = "com.apple.product-type.app-extension";
		};
/* End PBXNativeTarget section */

/* Begin PBXProject section */
		26F650C22F67407000E9FBC1 /* Project object */ = {
			isa = PBXProject;
			attributes = {
				BuildIndependentTargetsInParallel = 1;
				LastSwiftUpdateCheck = 2630;
				LastUpgradeCheck = 2630;
				TargetAttributes = {
					26F650C92F67407000E9FBC1 = {
						CreatedOnToolsVersion = 26.3;
					};
					501D870E41296815F817F615 = {
						CreatedOnToolsVersion = 26.3;
					};
					E901000C2F67407000E9FBC1 = {
						CreatedOnToolsVersion = 26.3;
					};
					E901000D2F67407000E9FBC1 = {
						CreatedOnToolsVersion = 26.3;
					};
					E901000E2F67407000E9FBC1 = {
						CreatedOnToolsVersion = 26.3;
					};
				};
			};
			buildConfigurationList = 26F650C52F67407000E9FBC1 /* Build configuration list for PBXProject "Respite 3.0" */;
			developmentRegion = en;
			hasScannedForEncodings = 0;
			knownRegions = (
				en,
				Base,
			);
			mainGroup = 26F650C12F67407000E9FBC1;
			minimizedProjectReferenceProxies = 1;
			preferredProjectObjectVersion = 77;
			productRefGroup = 26F650CB2F67407000E9FBC1 /* Products */;
			projectDirPath = "";
			projectRoot = "";
			targets = (
				26F650C92F67407000E9FBC1 /* Respite 3.0 */,
				501D870E41296815F817F615 /* DeviceActivityReportExtension */,
				E901000C2F67407000E9FBC1 /* DeviceActivityMonitorExtension */,
				E901000D2F67407000E9FBC1 /* ShieldConfigurationExtension */,
				E901000E2F67407000E9FBC1 /* ShieldActionExtension */,
			);
		};
/* End PBXProject section */

/* Begin PBXResourcesBuildPhase section */
		26F650C82F67407000E9FBC1 /* Resources */ = {
			isa = PBXResourcesBuildPhase;
			buildActionMask = 2147483647;
			files = (
			);
			runOnlyForDeploymentPostprocessing = 0;
		};
		9EE3A1F02846476A7F950081 /* Resources */ = {
			isa = PBXResourcesBuildPhase;
			buildActionMask = 2147483647;
			files = (
			);
			runOnlyForDeploymentPostprocessing = 0;
		};
		E90200022F67407000E9FBC1 /* Resources */ = {
			isa = PBXResourcesBuildPhase;
			buildActionMask = 2147483647;
			files = (
			);
			runOnlyForDeploymentPostprocessing = 0;
		};
		E90200042F67407000E9FBC1 /* Resources */ = {
			isa = PBXResourcesBuildPhase;
			buildActionMask = 2147483647;
			files = (
			);
			runOnlyForDeploymentPostprocessing = 0;
		};
		E90200062F67407000E9FBC1 /* Resources */ = {
			isa = PBXResourcesBuildPhase;
			buildActionMask = 2147483647;
			files = (
			);
			runOnlyForDeploymentPostprocessing = 0;
		};
/* End PBXResourcesBuildPhase section */

/* Begin PBXShellScriptBuildPhase section */
		2682EDA42F805C4A00361DD6 /* ShellScript */ = {
			isa = PBXShellScriptBuildPhase;
			alwaysOutOfDate = 1;
			buildActionMask = 2147483647;
			files = (
			);
			inputFileListPaths = (
			);
			inputPaths = (
			);
			outputFileListPaths = (
			);
			outputPaths = (
			);
			runOnlyForDeploymentPostprocessing = 0;
			shellPath = /bin/sh;
			shellScript = "PLIST=\"$BUILT_PRODUCTS_DIR/$WRAPPER_NAME/Info.plist\"\n\n# Remove flat keys if they exist\n/usr/libexec/PlistBuddy -c \"Delete :NSExtensionPointIdentifier\" \"$PLIST\" 2>/dev/null\n/usr/libexec/PlistBuddy -c \"Delete :NSExtensionPrincipalClass\" \"$PLIST\" 2>/dev/null\n/usr/libexec/PlistBuddy -c \"Delete :NSExtension\" \"$PLIST\" 2>/dev/null\n\n# Add proper nested NSExtension dictionary\n/usr/libexec/PlistBuddy -c \"Add :NSExtension dict\" \"$PLIST\"\n/usr/libexec/PlistBuddy -c \"Add :NSExtension:NSExtensionPointIdentifier string 'com.apple.deviceactivity.report'\" \"$PLIST\"\n/usr/libexec/PlistBuddy -c \"Add :NSExtension:NSExtensionPrincipalClass string 'DeviceActivityReportExtension.DeviceActivityReportExtensionMain'\" \"$PLIST\"\n";
		};
		2682EDA52F805C9E00361DD6 /* ShellScript */ = {
			isa = PBXShellScriptBuildPhase;
			alwaysOutOfDate = 1;
			buildActionMask = 2147483647;
			files = (
			);
			inputFileListPaths = (
			);
			inputPaths = (
			);
			outputFileListPaths = (
			);
			outputPaths = (
			);
			runOnlyForDeploymentPostprocessing = 0;
			shellPath = /bin/sh;
			shellScript = "PLIST=\"$BUILT_PRODUCTS_DIR/$WRAPPER_NAME/Info.plist\"\n\n/usr/libexec/PlistBuddy -c \"Delete :NSExtensionPointIdentifier\" \"$PLIST\" 2>/dev/null\n/usr/libexec/PlistBuddy -c \"Delete :NSExtensionPrincipalClass\" \"$PLIST\" 2>/dev/null\n/usr/libexec/PlistBuddy -c \"Delete :NSExtension\" \"$PLIST\" 2>/dev/null\n\n/usr/libexec/PlistBuddy -c \"Add :NSExtension dict\" \"$PLIST\"\n/usr/libexec/PlistBuddy -c \"Add :NSExtension:NSExtensionPointIdentifier string 'com.apple.deviceactivity.monitor'\" \"$PLIST\"\n/usr/libexec/PlistBuddy -c \"Add :NSExtension:NSExtensionPrincipalClass string 'DeviceActivityMonitorExtension.DeviceActivityMonitorExtension'\" \"$PLIST\"\n";
		};
		AA0000012F67407000E9FBC1 /* ShellScript */ = {
			isa = PBXShellScriptBuildPhase;
			alwaysOutOfDate = 1;
			buildActionMask = 2147483647;
			files = (
			);
			inputFileListPaths = (
			);
			inputPaths = (
			);
			outputFileListPaths = (
			);
			outputPaths = (
			);
			runOnlyForDeploymentPostprocessing = 0;
			shellPath = /bin/sh;
			shellScript = "PLIST=\"$BUILT_PRODUCTS_DIR/$WRAPPER_NAME/Info.plist\"\n\n/usr/libexec/PlistBuddy -c \"Delete :NSExtensionPointIdentifier\" \"$PLIST\" 2>/dev/null\n/usr/libexec/PlistBuddy -c \"Delete :NSExtensionPrincipalClass\" \"$PLIST\" 2>/dev/null\n/usr/libexec/PlistBuddy -c \"Delete :NSExtension\" \"$PLIST\" 2>/dev/null\n\n/usr/libexec/PlistBuddy -c \"Add :NSExtension dict\" \"$PLIST\"\n/usr/libexec/PlistBuddy -c \"Add :NSExtension:NSExtensionPointIdentifier string 'com.apple.familycontrols.shield-configuration'\" \"$PLIST\"\n/usr/libexec/PlistBuddy -c \"Add :NSExtension:NSExtensionPrincipalClass string 'RespiteShieldConfigurationExtension'\" \"$PLIST\"\n";
		};
		AA0000022F67407000E9FBC1 /* ShellScript */ = {
			isa = PBXShellScriptBuildPhase;
			alwaysOutOfDate = 1;
			buildActionMask = 2147483647;
			files = (
			);
			inputFileListPaths = (
			);
			inputPaths = (
			);
			outputFileListPaths = (
			);
			outputPaths = (
			);
			runOnlyForDeploymentPostprocessing = 0;
			shellPath = /bin/sh;
			shellScript = "PLIST=\"$BUILT_PRODUCTS_DIR/$WRAPPER_NAME/Info.plist\"\n\n/usr/libexec/PlistBuddy -c \"Delete :NSExtensionPointIdentifier\" \"$PLIST\" 2>/dev/null\n/usr/libexec/PlistBuddy -c \"Delete :NSExtensionPrincipalClass\" \"$PLIST\" 2>/dev/null\n/usr/libexec/PlistBuddy -c \"Delete :NSExtension\" \"$PLIST\" 2>/dev/null\n\n/usr/libexec/PlistBuddy -c \"Add :NSExtension dict\" \"$PLIST\"\n/usr/libexec/PlistBuddy -c \"Add :NSExtension:NSExtensionPointIdentifier string 'com.apple.familycontrols.shield-action'\" \"$PLIST\"\n/usr/libexec/PlistBuddy -c \"Add :NSExtension:NSExtensionPrincipalClass string 'RespiteShieldActionExtension'\" \"$PLIST\"\n";
		};
/* End PBXShellScriptBuildPhase section */

/* Begin PBXSourcesBuildPhase section */
		26F650C62F67407000E9FBC1 /* Sources */ = {
			isa = PBXSourcesBuildPhase;
			buildActionMask = 2147483647;
			files = (
			);
			runOnlyForDeploymentPostprocessing = 0;
		};
		E90200012F67407000E9FBC1 /* Sources */ = {
			isa = PBXSourcesBuildPhase;
			buildActionMask = 2147483647;
			files = (
			);
			runOnlyForDeploymentPostprocessing = 0;
		};
		E90200032F67407000E9FBC1 /* Sources */ = {
			isa = PBXSourcesBuildPhase;
			buildActionMask = 2147483647;
			files = (
			);
			runOnlyForDeploymentPostprocessing = 0;
		};
		E90200052F67407000E9FBC1 /* Sources */ = {
			isa = PBXSourcesBuildPhase;
			buildActionMask = 2147483647;
			files = (
			);
			runOnlyForDeploymentPostprocessing = 0;
		};
		F76D87719880420BE0AB693E /* Sources */ = {
			isa = PBXSourcesBuildPhase;
			buildActionMask = 2147483647;
			files = (
			);
			runOnlyForDeploymentPostprocessing = 0;
		};
/* End PBXSourcesBuildPhase section */

/* Begin PBXTargetDependency section */
		E90100212F67407000E9FBC1 /* PBXTargetDependency */ = {
			isa = PBXTargetDependency;
			target = 501D870E41296815F817F615 /* DeviceActivityReportExtension */;
			targetProxy = E90100222F67407000E9FBC1 /* PBXContainerItemProxy */;
		};
		E90100232F67407000E9FBC1 /* PBXTargetDependency */ = {
			isa = PBXTargetDependency;
			target = E901000C2F67407000E9FBC1 /* DeviceActivityMonitorExtension */;
			targetProxy = E90100242F67407000E9FBC1 /* PBXContainerItemProxy */;
		};
		E90100252F67407000E9FBC1 /* PBXTargetDependency */ = {
			isa = PBXTargetDependency;
			target = E901000D2F67407000E9FBC1 /* ShieldConfigurationExtension */;
			targetProxy = E90100262F67407000E9FBC1 /* PBXContainerItemProxy */;
		};
		E90100272F67407000E9FBC1 /* PBXTargetDependency */ = {
			isa = PBXTargetDependency;
			target = E901000E2F67407000E9FBC1 /* ShieldActionExtension */;
			targetProxy = E90100282F67407000E9FBC1 /* PBXContainerItemProxy */;
		};
/* End PBXTargetDependency section */

/* Begin XCBuildConfiguration section */
		0BB0BE92AE1DFCAF688FF19E /* Debug */ = {
			isa = XCBuildConfiguration;
			buildSettings = {
				CODE_SIGN_ENTITLEMENTS = "Respite 3.0/FamilyControls.entitlements";
				CODE_SIGN_STYLE = Automatic;
				GENERATE_INFOPLIST_FILE = NO;
				INFOPLIST_FILE = "DeviceActivityReportExtension-Info.plist";
				INFOPLIST_KEY_NSExtensionPointIdentifier = "com.apple.deviceactivityui.report-extension";
				INFOPLIST_KEY_NSExtensionPrincipalClass = "$(PRODUCT_MODULE_NAME).DeviceActivityReportExtensionMain";
				IPHONEOS_DEPLOYMENT_TARGET = 26.2;
				MARKETING_VERSION = 1.0;
				PRODUCT_BUNDLE_IDENTIFIER = "com.stormforge.Respite-3-0.DeviceActivityReportExtension";
				PRODUCT_NAME = "$(TARGET_NAME)";
				SDKROOT = auto;
				SKIP_INSTALL = YES;
				SUPPORTED_PLATFORMS = "iphoneos iphonesimulator";
				SWIFT_VERSION = 5.0;
				TARGETED_DEVICE_FAMILY = "1,2";
				WRAPPER_EXTENSION = appex;
			};
			name = Debug;
		};
		26F650D32F67407100E9FBC1 /* Debug */ = {
			isa = XCBuildConfiguration;
			buildSettings = {
				ALWAYS_SEARCH_USER_PATHS = NO;
				ASSETCATALOG_COMPILER_GENERATE_SWIFT_ASSET_SYMBOL_EXTENSIONS = YES;
				CLANG_ANALYZER_NONNULL = YES;
				CLANG_ANALYZER_NUMBER_OBJECT_CONVERSION = YES_AGGRESSIVE;
				CLANG_CXX_LANGUAGE_STANDARD = "gnu++20";
				CLANG_ENABLE_MODULES = YES;
				CLANG_ENABLE_OBJC_ARC = YES;
				CLANG_ENABLE_OBJC_WEAK = YES;
				CLANG_WARN_BLOCK_CAPTURE_AUTORELEASING = YES;
				CLANG_WARN_BOOL_CONVERSION = YES;
				CLANG_WARN_COMMA = YES;
				CLANG_WARN_CONSTANT_CONVERSION = YES;
				CLANG_WARN_DEPRECATED_OBJC_IMPLEMENTATIONS = YES;
				CLANG_WARN_DIRECT_OBJC_ISA_USAGE = YES_ERROR;
				CLANG_WARN_DOCUMENTATION_COMMENTS = YES;
				CLANG_WARN_EMPTY_BODY = YES;
				CLANG_WARN_ENUM_CONVERSION = YES;
				CLANG_WARN_INFINITE_RECURSION = YES;
				CLANG_WARN_INT_CONVERSION = YES;
				CLANG_WARN_NON_LITERAL_NULL_CONVERSION = YES;
				CLANG_WARN_OBJC_IMPLICIT_RETAIN_SELF = YES;
				CLANG_WARN_OBJC_LITERAL_CONVERSION = YES;
				CLANG_WARN_OBJC_ROOT_CLASS = YES_ERROR;
				CLANG_WARN_QUOTED_INCLUDE_IN_FRAMEWORK_HEADER = YES;
				CLANG_WARN_RANGE_LOOP_ANALYSIS = YES;
				CLANG_WARN_STRICT_PROTOTYPES = YES;
				CLANG_WARN_SUSPICIOUS_MOVE = YES;
				CLANG_WARN_UNGUARDED_AVAILABILITY = YES_AGGRESSIVE;
				CLANG_WARN_UNREACHABLE_CODE = YES;
				CLANG_WARN__DUPLICATE_METHOD_MATCH = YES;
				COPY_PHASE_STRIP = NO;
				DEBUG_INFORMATION_FORMAT = dwarf;
				DEVELOPMENT_TEAM = TSH5D7226K;
				ENABLE_STRICT_OBJC_MSGSEND = YES;
				ENABLE_TESTABILITY = YES;
				ENABLE_USER_SCRIPT_SANDBOXING = NO;
				GCC_C_LANGUAGE_STANDARD = gnu17;
				GCC_DYNAMIC_NO_PIC = NO;
				GCC_NO_COMMON_BLOCKS = YES;
				GCC_OPTIMIZATION_LEVEL = 0;
				GCC_PREPROCESSOR_DEFINITIONS = (
					"DEBUG=1",
					"$(inherited)",
				);
				GCC_WARN_64_TO_32_BIT_CONVERSION = YES;
				GCC_WARN_ABOUT_RETURN_TYPE = YES_ERROR;
				GCC_WARN_UNDECLARED_SELECTOR = YES;
				GCC_WARN_UNINITIALIZED_AUTOS = YES_AGGRESSIVE;
				GCC_WARN_UNUSED_FUNCTION = YES;
				GCC_WARN_UNUSED_VARIABLE = YES;
				LOCALIZATION_PREFERS_STRING_CATALOGS = YES;
				MTL_ENABLE_DEBUG_INFO = INCLUDE_SOURCE;
				MTL_FAST_MATH = YES;
				ONLY_ACTIVE_ARCH = YES;
				SWIFT_ACTIVE_COMPILATION_CONDITIONS = "DEBUG $(inherited)";
				SWIFT_OPTIMIZATION_LEVEL = "-Onone";
			};
			name = Debug;
		};
		26F650D42F67407100E9FBC1 /* Release */ = {
			isa = XCBuildConfiguration;
			buildSettings = {
				ALWAYS_SEARCH_USER_PATHS = NO;
				ASSETCATALOG_COMPILER_GENERATE_SWIFT_ASSET_SYMBOL_EXTENSIONS = YES;
				CLANG_ANALYZER_NONNULL = YES;
				CLANG_ANALYZER_NUMBER_OBJECT_CONVERSION = YES_AGGRESSIVE;
				CLANG_CXX_LANGUAGE_STANDARD = "gnu++20";
				CLANG_ENABLE_MODULES = YES;
				CLANG_ENABLE_OBJC_ARC = YES;
				CLANG_ENABLE_OBJC_WEAK = YES;
				CLANG_WARN_BLOCK_CAPTURE_AUTORELEASING = YES;
				CLANG_WARN_BOOL_CONVERSION = YES;
				CLANG_WARN_COMMA = YES;
				CLANG_WARN_CONSTANT_CONVERSION = YES;
				CLANG_WARN_DEPRECATED_OBJC_IMPLEMENTATIONS = YES;
				CLANG_WARN_DIRECT_OBJC_ISA_USAGE = YES_ERROR;
				CLANG_WARN_DOCUMENTATION_COMMENTS = YES;
				CLANG_WARN_EMPTY_BODY = YES;
				CLANG_WARN_ENUM_CONVERSION = YES;
				CLANG_WARN_INFINITE_RECURSION = YES;
				CLANG_WARN_INT_CONVERSION = YES;
				CLANG_WARN_NON_LITERAL_NULL_CONVERSION = YES;
				CLANG_WARN_OBJC_IMPLICIT_RETAIN_SELF = YES;
				CLANG_WARN_OBJC_LITERAL_CONVERSION = YES;
				CLANG_WARN_OBJC_ROOT_CLASS = YES_ERROR;
				CLANG_WARN_QUOTED_INCLUDE_IN_FRAMEWORK_HEADER = YES;
				CLANG_WARN_RANGE_LOOP_ANALYSIS = YES;
				CLANG_WARN_STRICT_PROTOTYPES = YES;
				CLANG_WARN_SUSPICIOUS_MOVE = YES;
				CLANG_WARN_UNGUARDED_AVAILABILITY = YES_AGGRESSIVE;
				CLANG_WARN_UNREACHABLE_CODE = YES;
				CLANG_WARN__DUPLICATE_METHOD_MATCH = YES;
				COPY_PHASE_STRIP = NO;
				DEBUG_INFORMATION_FORMAT = "dwarf-with-dsym";
				DEVELOPMENT_TEAM = TSH5D7226K;
				ENABLE_NS_ASSERTIONS = NO;
				ENABLE_STRICT_OBJC_MSGSEND = YES;
				ENABLE_USER_SCRIPT_SANDBOXING = NO;
				GCC_C_LANGUAGE_STANDARD = gnu17;
				GCC_NO_COMMON_BLOCKS = YES;
				GCC_WARN_64_TO_32_BIT_CONVERSION = YES;
				GCC_WARN_ABOUT_RETURN_TYPE = YES_ERROR;
				GCC_WARN_UNDECLARED_SELECTOR = YES;
				GCC_WARN_UNINITIALIZED_AUTOS = YES_AGGRESSIVE;
				GCC_WARN_UNUSED_FUNCTION = YES;
				GCC_WARN_UNUSED_VARIABLE = YES;
				LOCALIZATION_PREFERS_STRING_CATALOGS = YES;
				MTL_ENABLE_DEBUG_INFO = NO;
				MTL_FAST_MATH = YES;
				SWIFT_COMPILATION_MODE = wholemodule;
			};
			name = Release;
		};
		26F650D62F67407100E9FBC1 /* Debug */ = {
			isa = XCBuildConfiguration;
			buildSettings = {
				ASSETCATALOG_COMPILER_APPICON_NAME = AppIcon;
				ASSETCATALOG_COMPILER_GLOBAL_ACCENT_COLOR_NAME = AccentColor;
				CODE_SIGN_ENTITLEMENTS = "Respite 3.0/FamilyControls.entitlements";
				CODE_SIGN_STYLE = Automatic;
				CURRENT_PROJECT_VERSION = 1;
				DEVELOPMENT_TEAM = TSH5D7226K;
				ENABLE_APP_SANDBOX = YES;
				ENABLE_HARDENED_RUNTIME = YES;
				ENABLE_PREVIEWS = YES;
				ENABLE_USER_SELECTED_FILES = readonly;
				GENERATE_INFOPLIST_FILE = YES;
				INFOPLIST_KEY_CFBundleURLTypes = "{\n    CFBundleTypeRole = Editor;\n    CFBundleURLName = \"com.stormforge.Respite.regulate\";\n    CFBundleURLSchemes =     (\n        regulate\n    );\n}";
				"INFOPLIST_KEY_UIApplicationSceneManifest_Generation[sdk=iphoneos*]" = YES;
				"INFOPLIST_KEY_UIApplicationSceneManifest_Generation[sdk=iphonesimulator*]" = YES;
				"INFOPLIST_KEY_UIApplicationSupportsIndirectInputEvents[sdk=iphoneos*]" = YES;
				"INFOPLIST_KEY_UIApplicationSupportsIndirectInputEvents[sdk=iphonesimulator*]" = YES;
				"INFOPLIST_KEY_UILaunchScreen_Generation[sdk=iphoneos*]" = YES;
				"INFOPLIST_KEY_UILaunchScreen_Generation[sdk=iphonesimulator*]" = YES;
				"INFOPLIST_KEY_UIStatusBarStyle[sdk=iphoneos*]" = UIStatusBarStyleDefault;
				"INFOPLIST_KEY_UIStatusBarStyle[sdk=iphonesimulator*]" = UIStatusBarStyleDefault;
				INFOPLIST_KEY_UISupportedInterfaceOrientations_iPad = "UIInterfaceOrientationPortrait UIInterfaceOrientationPortraitUpsideDown UIInterfaceOrientationLandscapeLeft UIInterfaceOrientationLandscapeRight";
				INFOPLIST_KEY_UISupportedInterfaceOrientations_iPhone = "UIInterfaceOrientationPortrait UIInterfaceOrientationLandscapeLeft UIInterfaceOrientationLandscapeRight";
				IPHONEOS_DEPLOYMENT_TARGET = 26.2;
				LD_RUNPATH_SEARCH_PATHS = "@executable_path/Frameworks";
				"LD_RUNPATH_SEARCH_PATHS[sdk=macosx*]" = "@executable_path/../Frameworks";
				MACOSX_DEPLOYMENT_TARGET = 26.2;
				MARKETING_VERSION = 1.0;
				PRODUCT_BUNDLE_IDENTIFIER = "com.stormforge.Respite-3-0";
				PRODUCT_NAME = "$(TARGET_NAME)";
				REGISTER_APP_GROUPS = YES;
				SDKROOT = auto;
				STRING_CATALOG_GENERATE_SYMBOLS = YES;
				SUPPORTED_PLATFORMS = "iphoneos iphonesimulator macosx xros xrsimulator";
				SWIFT_APPROACHABLE_CONCURRENCY = YES;
				SWIFT_DEFAULT_ACTOR_ISOLATION = MainActor;
				SWIFT_EMIT_LOC_STRINGS = YES;
				SWIFT_UPCOMING_FEATURE_MEMBER_IMPORT_VISIBILITY = YES;
				SWIFT_VERSION = 5.0;
				TARGETED_DEVICE_FAMILY = "1,2,7";
				XROS_DEPLOYMENT_TARGET = 26.2;
			};
			name = Debug;
		};
		26F650D72F67407100E9FBC1 /* Release */ = {
			isa = XCBuildConfiguration;
			buildSettings = {
				ASSETCATALOG_COMPILER_APPICON_NAME = AppIcon;
				ASSETCATALOG_COMPILER_GLOBAL_ACCENT_COLOR_NAME = AccentColor;
				CODE_SIGN_ENTITLEMENTS = "Respite 3.0/FamilyControls.entitlements";
				CODE_SIGN_STYLE = Automatic;
				CURRENT_PROJECT_VERSION = 1;
				DEVELOPMENT_TEAM = TSH5D7226K;
				ENABLE_APP_SANDBOX = YES;
				ENABLE_HARDENED_RUNTIME = YES;
				ENABLE_PREVIEWS = YES;
				ENABLE_USER_SELECTED_FILES = readonly;
				GENERATE_INFOPLIST_FILE = YES;
				INFOPLIST_KEY_CFBundleURLTypes = "{\n    CFBundleTypeRole = Editor;\n    CFBundleURLName = \"com.stormforge.Respite.regulate\";\n    CFBundleURLSchemes =     (\n        regulate\n    );\n}";
				"INFOPLIST_KEY_UIApplicationSceneManifest_Generation[sdk=iphoneos*]" = YES;
				"INFOPLIST_KEY_UIApplicationSceneManifest_Generation[sdk=iphonesimulator*]" = YES;
				"INFOPLIST_KEY_UIApplicationSupportsIndirectInputEvents[sdk=iphoneos*]" = YES;
				"INFOPLIST_KEY_UIApplicationSupportsIndirectInputEvents[sdk=iphonesimulator*]" = YES;
				"INFOPLIST_KEY_UILaunchScreen_Generation[sdk=iphoneos*]" = YES;
				"INFOPLIST_KEY_UILaunchScreen_Generation[sdk=iphonesimulator*]" = YES;
				"INFOPLIST_KEY_UIStatusBarStyle[sdk=iphoneos*]" = UIStatusBarStyleDefault;
				"INFOPLIST_KEY_UIStatusBarStyle[sdk=iphonesimulator*]" = UIStatusBarStyleDefault;
				INFOPLIST_KEY_UISupportedInterfaceOrientations_iPad = "UIInterfaceOrientationPortrait UIInterfaceOrientationPortraitUpsideDown UIInterfaceOrientationLandscapeLeft UIInterfaceOrientationLandscapeRight";
				INFOPLIST_KEY_UISupportedInterfaceOrientations_iPhone = "UIInterfaceOrientationPortrait UIInterfaceOrientationLandscapeLeft UIInterfaceOrientationLandscapeRight";
				IPHONEOS_DEPLOYMENT_TARGET = 26.2;
				LD_RUNPATH_SEARCH_PATHS = "@executable_path/Frameworks";
				"LD_RUNPATH_SEARCH_PATHS[sdk=macosx*]" = "@executable_path/../Frameworks";
				MACOSX_DEPLOYMENT_TARGET = 26.2;
				MARKETING_VERSION = 1.0;
				PRODUCT_BUNDLE_IDENTIFIER = "com.stormforge.Respite-3-0";
				PRODUCT_NAME = "$(TARGET_NAME)";
				REGISTER_APP_GROUPS = YES;
				SDKROOT = auto;
				STRING_CATALOG_GENERATE_SYMBOLS = YES;
				SUPPORTED_PLATFORMS = "iphoneos iphonesimulator macosx xros xrsimulator";
				SWIFT_APPROACHABLE_CONCURRENCY = YES;
				SWIFT_DEFAULT_ACTOR_ISOLATION = MainActor;
				SWIFT_EMIT_LOC_STRINGS = YES;
				SWIFT_UPCOMING_FEATURE_MEMBER_IMPORT_VISIBILITY = YES;
				SWIFT_VERSION = 5.0;
				TARGETED_DEVICE_FAMILY = "1,2,7";
				XROS_DEPLOYMENT_TARGET = 26.2;
			};
			name = Release;
		};
		76209DE0A80EBEAF978CF53F /* Release */ = {
			isa = XCBuildConfiguration;
			buildSettings = {
				CODE_SIGN_ENTITLEMENTS = "Respite 3.0/FamilyControls.entitlements";
				CODE_SIGN_STYLE = Automatic;
				GENERATE_INFOPLIST_FILE = NO;
				INFOPLIST_FILE = "DeviceActivityReportExtension-Info.plist";
				INFOPLIST_KEY_NSExtensionPointIdentifier = "com.apple.deviceactivityui.report-extension";
				INFOPLIST_KEY_NSExtensionPrincipalClass = "$(PRODUCT_MODULE_NAME).DeviceActivityReportExtensionMain";
				IPHONEOS_DEPLOYMENT_TARGET = 26.2;
				MARKETING_VERSION = 1.0;
				PRODUCT_BUNDLE_IDENTIFIER = "com.stormforge.Respite-3-0.DeviceActivityReportExtension";
				PRODUCT_NAME = "$(TARGET_NAME)";
				SDKROOT = auto;
				SKIP_INSTALL = YES;
				SUPPORTED_PLATFORMS = "iphoneos iphonesimulator";
				SWIFT_VERSION = 5.0;
				TARGETED_DEVICE_FAMILY = "1,2";
				WRAPPER_EXTENSION = appex;
			};
			name = Release;
		};
		E90300182F67407000E9FBC1 /* Debug */ = {
			isa = XCBuildConfiguration;
			buildSettings = {
				CODE_SIGN_ENTITLEMENTS = "Respite 3.0/DeviceActivityMonitorExtension/DeviceActivityMonitorExtension.entitlements";
				CODE_SIGN_STYLE = Automatic;
				CURRENT_PROJECT_VERSION = 1;
				DEVELOPMENT_TEAM = TSH5D7226K;
				GENERATE_INFOPLIST_FILE = YES;
				INFOPLIST_KEY_NSExtensionPointIdentifier = "com.apple.deviceactivity.monitor-extension";
				INFOPLIST_KEY_NSExtensionPrincipalClass = "$(PRODUCT_MODULE_NAME).RespiteDeviceActivityMonitor";
				IPHONEOS_DEPLOYMENT_TARGET = 26.2;
				LD_RUNPATH_SEARCH_PATHS = (
					"$(inherited)",
					"@executable_path/Frameworks",
					"@executable_path/../../Frameworks",
				);
				MARKETING_VERSION = 1.0;
				PRODUCT_BUNDLE_IDENTIFIER = "com.stormforge.Respite-3-0.DeviceActivityMonitorExtension";
				PRODUCT_NAME = "$(TARGET_NAME)";
				SDKROOT = iphoneos;
				SKIP_INSTALL = YES;
				SUPPORTED_PLATFORMS = "iphoneos iphonesimulator";
				SWIFT_DEFAULT_ACTOR_ISOLATION = nonisolated;
				SWIFT_EMIT_LOC_STRINGS = YES;
				SWIFT_VERSION = 5.0;
				TARGETED_DEVICE_FAMILY = "1,2";
				WRAPPER_EXTENSION = appex;
			};
			name = Debug;
		};
		E90300192F67407000E9FBC1 /* Release */ = {
			isa = XCBuildConfiguration;
			buildSettings = {
				CODE_SIGN_ENTITLEMENTS = "Respite 3.0/DeviceActivityMonitorExtension/DeviceActivityMonitorExtension.entitlements";
				CODE_SIGN_STYLE = Automatic;
				CURRENT_PROJECT_VERSION = 1;
				DEVELOPMENT_TEAM = TSH5D7226K;
				GENERATE_INFOPLIST_FILE = YES;
				INFOPLIST_KEY_NSExtensionPointIdentifier = "com.apple.deviceactivity.monitor-extension";
				INFOPLIST_KEY_NSExtensionPrincipalClass = "$(PRODUCT_MODULE_NAME).RespiteDeviceActivityMonitor";
				IPHONEOS_DEPLOYMENT_TARGET = 26.2;
				LD_RUNPATH_SEARCH_PATHS = (
					"$(inherited)",
					"@executable_path/Frameworks",
					"@executable_path/../../Frameworks",
				);
				MARKETING_VERSION = 1.0;
				PRODUCT_BUNDLE_IDENTIFIER = "com.stormforge.Respite-3-0.DeviceActivityMonitorExtension";
				PRODUCT_NAME = "$(TARGET_NAME)";
				SDKROOT = iphoneos;
				SKIP_INSTALL = YES;
				SUPPORTED_PLATFORMS = "iphoneos iphonesimulator";
				SWIFT_DEFAULT_ACTOR_ISOLATION = nonisolated;
				SWIFT_EMIT_LOC_STRINGS = YES;
				SWIFT_VERSION = 5.0;
				TARGETED_DEVICE_FAMILY = "1,2";
				WRAPPER_EXTENSION = appex;
			};
			name = Release;
		};
		E903001B2F67407000E9FBC1 /* Debug */ = {
			isa = XCBuildConfiguration;
			buildSettings = {
				CODE_SIGN_ENTITLEMENTS = "Respite 3.0/ShieldConfigurationExtension/ShieldConfigurationExtension.entitlements";
				CODE_SIGN_STYLE = Automatic;
				CURRENT_PROJECT_VERSION = 1;
				DEVELOPMENT_TEAM = TSH5D7226K;
				ENABLE_DEBUG_DYLIB = NO;
				GENERATE_INFOPLIST_FILE = YES;
				INFOPLIST_KEY_NSExtensionPointIdentifier = "com.apple.familycontrols.shield-configuration";
				INFOPLIST_KEY_NSExtensionPrincipalClass = "$(PRODUCT_MODULE_NAME).RespiteShieldConfigurationExtension";
				IPHONEOS_DEPLOYMENT_TARGET = 26.2;
				LD_RUNPATH_SEARCH_PATHS = (
					"$(inherited)",
					"@executable_path/Frameworks",
					"@executable_path/../../Frameworks",
				);
				MARKETING_VERSION = 1.0;
				PRODUCT_BUNDLE_IDENTIFIER = "com.stormforge.Respite-3-0.ShieldConfigurationExtension";
				PRODUCT_NAME = "$(TARGET_NAME)";
				SDKROOT = iphoneos;
				SKIP_INSTALL = YES;
				SUPPORTED_PLATFORMS = "iphoneos iphonesimulator";
				SWIFT_DEFAULT_ACTOR_ISOLATION = nonisolated;
				SWIFT_EMIT_LOC_STRINGS = YES;
				SWIFT_VERSION = 5.0;
				TARGETED_DEVICE_FAMILY = "1,2";
				WRAPPER_EXTENSION = appex;
			};
			name = Debug;
		};
		E903001C2F67407000E9FBC1 /* Release */ = {
			isa = XCBuildConfiguration;
			buildSettings = {
				CODE_SIGN_ENTITLEMENTS = "Respite 3.0/ShieldConfigurationExtension/ShieldConfigurationExtension.entitlements";
				CODE_SIGN_STYLE = Automatic;
				CURRENT_PROJECT_VERSION = 1;
				DEVELOPMENT_TEAM = TSH5D7226K;
				GENERATE_INFOPLIST_FILE = YES;
				INFOPLIST_KEY_NSExtensionPointIdentifier = "com.apple.familycontrols.shield-configuration";
				INFOPLIST_KEY_NSExtensionPrincipalClass = "$(PRODUCT_MODULE_NAME).RespiteShieldConfigurationExtension";
				IPHONEOS_DEPLOYMENT_TARGET = 26.2;
				LD_RUNPATH_SEARCH_PATHS = (
					"$(inherited)",
					"@executable_path/Frameworks",
					"@executable_path/../../Frameworks",
				);
				MARKETING_VERSION = 1.0;
				PRODUCT_BUNDLE_IDENTIFIER = "com.stormforge.Respite-3-0.ShieldConfigurationExtension";
				PRODUCT_NAME = "$(TARGET_NAME)";
				SDKROOT = iphoneos;
				SKIP_INSTALL = YES;
				SUPPORTED_PLATFORMS = "iphoneos iphonesimulator";
				SWIFT_DEFAULT_ACTOR_ISOLATION = nonisolated;
				SWIFT_EMIT_LOC_STRINGS = YES;
				SWIFT_VERSION = 5.0;
				TARGETED_DEVICE_FAMILY = "1,2";
				WRAPPER_EXTENSION = appex;
			};
			name = Release;
		};
		E903001E2F67407000E9FBC1 /* Debug */ = {
			isa = XCBuildConfiguration;
			buildSettings = {
				CODE_SIGN_ENTITLEMENTS = "Respite 3.0/ShieldActionExtension/ShieldActionExtension.entitlements";
				CODE_SIGN_STYLE = Automatic;
				CURRENT_PROJECT_VERSION = 1;
				DEVELOPMENT_TEAM = TSH5D7226K;
				ENABLE_DEBUG_DYLIB = NO;
				GENERATE_INFOPLIST_FILE = YES;
				INFOPLIST_KEY_NSExtensionPointIdentifier = "com.apple.familycontrols.shield-action";
				INFOPLIST_KEY_NSExtensionPrincipalClass = "$(PRODUCT_MODULE_NAME).RespiteShieldActionExtension";
				IPHONEOS_DEPLOYMENT_TARGET = 26.2;
				LD_RUNPATH_SEARCH_PATHS = (
					"$(inherited)",
					"@executable_path/Frameworks",
					"@executable_path/../../Frameworks",
				);
				MARKETING_VERSION = 1.0;
				PRODUCT_BUNDLE_IDENTIFIER = "com.stormforge.Respite-3-0.ShieldActionExtension";
				PRODUCT_NAME = "$(TARGET_NAME)";
				SDKROOT = iphoneos;
				SKIP_INSTALL = YES;
				SUPPORTED_PLATFORMS = "iphoneos iphonesimulator";
				SWIFT_DEFAULT_ACTOR_ISOLATION = nonisolated;
				SWIFT_EMIT_LOC_STRINGS = YES;
				SWIFT_VERSION = 5.0;
				TARGETED_DEVICE_FAMILY = "1,2";
				WRAPPER_EXTENSION = appex;
			};
			name = Debug;
		};
		E903001F2F67407000E9FBC1 /* Release */ = {
			isa = XCBuildConfiguration;
			buildSettings = {
				CODE_SIGN_ENTITLEMENTS = "Respite 3.0/ShieldActionExtension/ShieldActionExtension.entitlements";
				CODE_SIGN_STYLE = Automatic;
				CURRENT_PROJECT_VERSION = 1;
				DEVELOPMENT_TEAM = TSH5D7226K;
				GENERATE_INFOPLIST_FILE = YES;
				INFOPLIST_KEY_NSExtensionPointIdentifier = "com.apple.familycontrols.shield-action";
				INFOPLIST_KEY_NSExtensionPrincipalClass = "$(PRODUCT_MODULE_NAME).RespiteShieldActionExtension";
				IPHONEOS_DEPLOYMENT_TARGET = 26.2;
				LD_RUNPATH_SEARCH_PATHS = (
					"$(inherited)",
					"@executable_path/Frameworks",
					"@executable_path/../../Frameworks",
				);
				MARKETING_VERSION = 1.0;
				PRODUCT_BUNDLE_IDENTIFIER = "com.stormforge.Respite-3-0.ShieldActionExtension";
				PRODUCT_NAME = "$(TARGET_NAME)";
				SDKROOT = iphoneos;
				SKIP_INSTALL = YES;
				SUPPORTED_PLATFORMS = "iphoneos iphonesimulator";
				SWIFT_DEFAULT_ACTOR_ISOLATION = nonisolated;
				SWIFT_EMIT_LOC_STRINGS = YES;
				SWIFT_VERSION = 5.0;
				TARGETED_DEVICE_FAMILY = "1,2";
				WRAPPER_EXTENSION = appex;
			};
			name = Release;
		};
/* End XCBuildConfiguration section */

/* Begin XCConfigurationList section */
		26F650C52F67407000E9FBC1 /* Build configuration list for PBXProject "Respite 3.0" */ = {
			isa = XCConfigurationList;
			buildConfigurations = (
				26F650D32F67407100E9FBC1 /* Debug */,
				26F650D42F67407100E9FBC1 /* Release */,
			);
			defaultConfigurationIsVisible = 0;
			defaultConfigurationName = Release;
		};
		26F650D52F67407100E9FBC1 /* Build configuration list for PBXNativeTarget "Respite 3.0" */ = {
			isa = XCConfigurationList;
			buildConfigurations = (
				26F650D62F67407100E9FBC1 /* Debug */,
				26F650D72F67407100E9FBC1 /* Release */,
			);
			defaultConfigurationIsVisible = 0;
			defaultConfigurationName = Release;
		};
		33E97E20449F031E9205CF6E /* Build configuration list for PBXNativeTarget "DeviceActivityReportExtension" */ = {
			isa = XCConfigurationList;
			buildConfigurations = (
				0BB0BE92AE1DFCAF688FF19E /* Debug */,
				76209DE0A80EBEAF978CF53F /* Release */,
			);
			defaultConfigurationIsVisible = 0;
			defaultConfigurationName = Release;
		};
		E901001A2F67407000E9FBC1 /* Build configuration list for PBXNativeTarget "DeviceActivityMonitorExtension" */ = {
			isa = XCConfigurationList;
			buildConfigurations = (
				E90300182F67407000E9FBC1 /* Debug */,
				E90300192F67407000E9FBC1 /* Release */,
			);
			defaultConfigurationIsVisible = 0;
			defaultConfigurationName = Release;
		};
		E901001D2F67407000E9FBC1 /* Build configuration list for PBXNativeTarget "ShieldConfigurationExtension" */ = {
			isa = XCConfigurationList;
			buildConfigurations = (
				E903001B2F67407000E9FBC1 /* Debug */,
				E903001C2F67407000E9FBC1 /* Release */,
			);
			defaultConfigurationIsVisible = 0;
			defaultConfigurationName = Release;
		};
		E90100202F67407000E9FBC1 /* Build configuration list for PBXNativeTarget "ShieldActionExtension" */ = {
			isa = XCConfigurationList;
			buildConfigurations = (
				E903001E2F67407000E9FBC1 /* Debug */,
				E903001F2F67407000E9FBC1 /* Release */,
			);
			defaultConfigurationIsVisible = 0;
			defaultConfigurationName = Release;
		};
/* End XCConfigurationList section */
	};
	rootObject = 26F650C22F67407000E9FBC1 /* Project object */;
}
